
Microsoft Visual Studio Solution File, Format Version 12.00
# Visual Studio Version 17
VisualStudioVersion = 17.4.33213.308
MinimumVisualStudioVersion = 10.0.40219.1
Project("{9A19103F-16F7-4668-BE54-9A1E7A4F7556}") = "TicketingSystem3.Web", "TicketingSystem3.Web\TicketingSystem3.Web.csproj", "{2B8C1A4E-B606-4F61-8588-22788DA3419B}"
EndProject
Project("{9A19103F-16F7-4668-BE54-9A1E7A4F7556}") = "TicketingSystem3.Data", "TicketingSystem3.Data\TicketingSystem3.Data.csproj", "{9303E720-A71B-409C-9CD1-A68A8CA757A0}"
EndProject
Global
	GlobalSection(SolutionConfigurationPlatforms) = preSolution
		Debug|Any CPU = Debug|Any CPU
		Release|Any CPU = Release|Any CPU
	EndGlobalSection
	GlobalSection(ProjectConfigurationPlatforms) = postSolution
		{2B8C1A4E-B606-4F61-8588-22788DA3419B}.Debug|Any CPU.ActiveCfg = Debug|Any CPU
		{2B8C1A4E-B606-4F61-8588-22788DA3419B}.Debug|Any CPU.Build.0 = Debug|Any CPU
		{2B8C1A4E-B606-4F61-8588-22788DA3419B}.Release|Any CPU.ActiveCfg = Release|Any CPU
		{2B8C1A4E-B606-4F61-8588-22788DA3419B}.Release|Any CPU.Build.0 = Release|Any CPU
		{9303E720-A71B-409C-9CD1-A68A8CA757A0}.Debug|Any CPU.ActiveCfg = Debug|Any CPU
		{9303E720-A71B-409C-9CD1-A68A8CA757A0}.Debug|Any CPU.Build.0 = Debug|Any CPU
		{9303E720-A71B-409C-9CD1-A68A8CA757A0}.Release|Any CPU.ActiveCfg = Release|Any CPU
		{9303E720-A71B-409C-9CD1-A68A8CA757A0}.Release|Any CPU.Build.0 = Release|Any CPU
	EndGlobalSection
	GlobalSection(SolutionProperties) = preSolution
		HideSolutionNode = FALSE
	EndGlobalSection
	GlobalSection(ExtensibilityGlobals) = postSolution
		SolutionGuid = {B6F39DA1-6CF7-46D9-9D19-B02A60CA61DF}
	EndGlobalSection
EndGlobal
